// !$*UTF8*$!
{
	archiveVersion = 1;
	classes = {
	};
	objectVersion = 56;
	objects = {

/* Begin PBXBuildFile section */
		3D9DB15029CD072D00A29242 /* AppDelegate.swift in Sources */ = {isa = PBXBuildFile; fileRef = 3D9DB14F29CD072D00A29242 /* AppDelegate.swift */; };
		3D9DB15F29CD085D00A29242 /* DateFormatter+Extensions.swift in Sources */ = {isa = PBXBuildFile; fileRef = 3D9DB15E29CD085D00A29242 /* DateFormatter+Extensions.swift */; };
		3D9DB16329CD087D00A29242 /* FeedViewController.swift in Sources */ = {isa = PBXBuildFile; fileRef = 3D9DB16129CD087D00A29242 /* FeedViewController.swift */; };
		3D9DB16429CD087D00A29242 /* PostCell.swift in Sources */ = {isa = PBXBuildFile; fileRef = 3D9DB16229CD087D00A29242 /* PostCell.swift */; };
		3D9DB16D29CD089F00A29242 /* SignUpViewController.swift in Sources */ = {isa = PBXBuildFile; fileRef = 3D9DB16B29CD089F00A29242 /* SignUpViewController.swift */; };
		3D9DB16E29CD089F00A29242 /* LoginViewController.swift in Sources */ = {isa = PBXBuildFile; fileRef = 3D9DB16C29CD089F00A29242 /* LoginViewController.swift */; };
		3D9DB17229CD08B500A29242 /* User.swift in Sources */ = {isa = PBXBuildFile; fileRef = 3D9DB17029CD08B500A29242 /* User.swift */; };
		3D9DB17329CD08B500A29242 /* Post.swift in Sources */ = {isa = PBXBuildFile; fileRef = 3D9DB17129CD08B500A29242 /* Post.swift */; };
		3D9DB17629CD08C000A29242 /* PostViewController.swift in Sources */ = {isa = PBXBuildFile; fileRef = 3D9DB17529CD08C000A29242 /* PostViewController.swift */; };
		3D9DB17829CD08D000A29242 /* SceneDelegate.swift in Sources */ = {isa = PBXBuildFile; fileRef = 3D9DB17729CD08D000A29242 /* SceneDelegate.swift */; };
		3D9DB17A29CD097E00A29242 /* Main.storyboard in Resources */ = {isa = PBXBuildFile; fileRef = 3D9DB15629CD077300A29242 /* Main.storyboard */; };
		3D9DB17D29CD0AC300A29242 /* Nuke in Frameworks */ = {isa = PBXBuildFile; productRef = 3D9DB17C29CD0AC300A29242 /* Nuke */; };
		3D9DB17F29CD0AC300A29242 /* NukeExtensions in Frameworks */ = {isa = PBXBuildFile; productRef = 3D9DB17E29CD0AC300A29242 /* NukeExtensions */; };
		3D9DB18129CD0AC300A29242 /* NukeUI in Frameworks */ = {isa = PBXBuildFile; productRef = 3D9DB18029CD0AC300A29242 /* NukeUI */; };
		3D9DB18329CD0AC300A29242 /* NukeVideo in Frameworks */ = {isa = PBXBuildFile; productRef = 3D9DB18229CD0AC300A29242 /* NukeVideo */; };
		3D9DB18629CD0BE900A29242 /* Alamofire in Frameworks */ = {isa = PBXBuildFile; productRef = 3D9DB18529CD0BE900A29242 /* Alamofire */; };
		3D9DB18929CD0C3E00A29242 /* AlamofireImage in Frameworks */ = {isa = PBXBuildFile; productRef = 3D9DB18829CD0C3E00A29242 /* AlamofireImage */; };
		3D9DB18C29CD0C6500A29242 /* ParseSwift in Frameworks */ = {isa = PBXBuildFile; productRef = 3D9DB18B29CD0C6500A29242 /* ParseSwift */; };
/* End PBXBuildFile section */

/* Begin PBXFileReference section */
		3D9DB13829CD064400A29242 /* BeReal.app */ = {isa = PBXFileReference; explicitFileType = wrapper.application; includeInIndex = 0; path = BeReal.app; sourceTree = BUILT_PRODUCTS_DIR; };
		3D9DB14F29CD072D00A29242 /* AppDelegate.swift */ = {isa = PBXFileReference; fileEncoding = 4; lastKnownFileType = sourcecode.swift; path = AppDelegate.swift; sourceTree = "<group>"; };
		3D9DB15129CD076100A29242 /* Assets.xcassets */ = {isa = PBXFileReference; lastKnownFileType = folder.assetcatalog; path = Assets.xcassets; sourceTree = "<group>"; };
		3D9DB15529CD077300A29242 /* Base */ = {isa = PBXFileReference; lastKnownFileType = file.storyboard; name = Base; path = LaunchScreen.storyboard; sourceTree = "<group>"; };
		3D9DB15729CD077300A29242 /* Base */ = {isa = PBXFileReference; lastKnownFileType = file.storyboard; name = Base; path = Main.storyboard; sourceTree = "<group>"; };
		3D9DB15E29CD085D00A29242 /* DateFormatter+Extensions.swift */ = {isa = PBXFileReference; lastKnownFileType = sourcecode.swift; path = "DateFormatter+Extensions.swift"; sourceTree = "<group>"; };
		3D9DB16129CD087D00A29242 /* FeedViewController.swift */ = {isa = PBXFileReference; fileEncoding = 4; lastKnownFileType = sourcecode.swift; path = FeedViewController.swift; sourceTree = "<group>"; };
		3D9DB16229CD087D00A29242 /* PostCell.swift */ = {isa = PBXFileReference; fileEncoding = 4; lastKnownFileType = sourcecode.swift; path = PostCell.swift; sourceTree = "<group>"; };
		3D9DB16629CD088400A29242 /* Filmotype-Jade.otf */ = {isa = PBXFileReference; lastKnownFileType = file; path = "Filmotype-Jade.otf"; sourceTree = "<group>"; };
		3D9DB16829CD089700A29242 /* Info.plist */ = {isa = PBXFileReference; fileEncoding = 4; lastKnownFileType = text.plist.xml; path = Info.plist; sourceTree = "<group>"; };
		3D9DB16B29CD089F00A29242 /* SignUpViewController.swift */ = {isa = PBXFileReference; fileEncoding = 4; lastKnownFileType = sourcecode.swift; path = SignUpViewController.swift; sourceTree = "<group>"; };
		3D9DB16C29CD089F00A29242 /* LoginViewController.swift */ = {isa = PBXFileReference; fileEncoding = 4; lastKnownFileType = sourcecode.swift; path = LoginViewController.swift; sourceTree = "<group>"; };
		3D9DB17029CD08B500A29242 /* User.swift */ = {isa = PBXFileReference; fileEncoding = 4; lastKnownFileType = sourcecode.swift; path = User.swift; sourceTree = "<group>"; };
		3D9DB17129CD08B500A29242 /* Post.swift */ = {isa = PBXFileReference; fileEncoding = 4; lastKnownFileType = sourcecode.swift; path = Post.swift; sourceTree = "<group>"; };
		3D9DB17529CD08C000A29242 /* PostViewController.swift */ = {isa = PBXFileReference; fileEncoding = 4; lastKnownFileType = sourcecode.swift; path = PostViewController.swift; sourceTree = "<group>"; };
		3D9DB17729CD08D000A29242 /* SceneDelegate.swift */ = {isa = PBXFileReference; fileEncoding = 4; lastKnownFileType = sourcecode.swift; path = SceneDelegate.swift; sourceTree = "<group>"; };
/* End PBXFileReference section */

/* Begin PBXFrameworksBuildPhase section */
		3D9DB13529CD064400A29242 /* Frameworks */ = {
			isa = PBXFrameworksBuildPhase;
			buildActionMask = 2147483647;
			files = (
				3D9DB18C29CD0C6500A29242 /* ParseSwift in Frameworks */,
				3D9DB18629CD0BE900A29242 /* Alamofire in Frameworks */,
				3D9DB18129CD0AC300A29242 /* NukeUI in Frameworks */,
				3D9DB17D29CD0AC300A29242 /* Nuke in Frameworks */,
				3D9DB17F29CD0AC300A29242 /* NukeExtensions in Frameworks */,
				3D9DB18329CD0AC300A29242 /* NukeVideo in Frameworks */,
				3D9DB18929CD0C3E00A29242 /* AlamofireImage in Frameworks */,
			);
			runOnlyForDeploymentPostprocessing = 0;
		};
/* End PBXFrameworksBuildPhase section */

/* Begin PBXGroup section */
		3D9DB12F29CD064300A29242 = {
			isa = PBXGroup;
			children = (
				3D9DB13A29CD064400A29242 /* BeReal */,
				3D9DB13929CD064400A29242 /* Products */,
			);
			sourceTree = "<group>";
		};
		3D9DB13929CD064400A29242 /* Products */ = {
			isa = PBXGroup;
			children = (
				3D9DB13829CD064400A29242 /* BeReal.app */,
			);
			name = Products;
			sourceTree = "<group>";
		};
		3D9DB13A29CD064400A29242 /* BeReal */ = {
			isa = PBXGroup;
			children = (
				3D9DB17729CD08D000A29242 /* SceneDelegate.swift */,
				3D9DB17429CD08C000A29242 /* Post */,
				3D9DB16F29CD08B500A29242 /* Models */,
				3D9DB16A29CD089F00A29242 /* Login */,
				3D9DB16529CD088400A29242 /* Fonts */,
				3D9DB16029CD087D00A29242 /* Feed */,
				3D9DB15D29CD085C00A29242 /* Extensions */,
				3D9DB14F29CD072D00A29242 /* AppDelegate.swift */,
				3D9DB15129CD076100A29242 /* Assets.xcassets */,
				3D9DB16829CD089700A29242 /* Info.plist */,
				3D9DB15329CD077300A29242 /* Base.lproj */,
			);
			path = BeReal;
			sourceTree = "<group>";
		};
		3D9DB15329CD077300A29242 /* Base.lproj */ = {
			isa = PBXGroup;
			children = (
				3D9DB15429CD077300A29242 /* LaunchScreen.storyboard */,
				3D9DB15629CD077300A29242 /* Main.storyboard */,
			);
			name = Base.lproj;
			path = "../../../Downloads/lab-insta-parse/lab-insta-parse/Base.lproj";
			sourceTree = "<group>";
		};
		3D9DB15D29CD085C00A29242 /* Extensions */ = {
			isa = PBXGroup;
			children = (
				3D9DB15E29CD085D00A29242 /* DateFormatter+Extensions.swift */,
			);
			path = Extensions;
			sourceTree = "<group>";
		};
		3D9DB16029CD087D00A29242 /* Feed */ = {
			isa = PBXGroup;
			children = (
				3D9DB16129CD087D00A29242 /* FeedViewController.swift */,
				3D9DB16229CD087D00A29242 /* PostCell.swift */,
			);
			path = Feed;
			sourceTree = "<group>";
		};
		3D9DB16529CD088400A29242 /* Fonts */ = {
			isa = PBXGroup;
			children = (
				3D9DB16629CD088400A29242 /* Filmotype-Jade.otf */,
			);
			path = Fonts;
			sourceTree = "<group>";
		};
		3D9DB16A29CD089F00A29242 /* Login */ = {
			isa = PBXGroup;
			children = (
				3D9DB16B29CD089F00A29242 /* SignUpViewController.swift */,
				3D9DB16C29CD089F00A29242 /* LoginViewController.swift */,
			);
			path = Login;
			sourceTree = "<group>";
		};
		3D9DB16F29CD08B500A29242 /* Models */ = {
			isa = PBXGroup;
			children = (
				3D9DB17029CD08B500A29242 /* User.swift */,
				3D9DB17129CD08B500A29242 /* Post.swift */,
			);
			path = Models;
			sourceTree = "<group>";
		};
		3D9DB17429CD08C000A29242 /* Post */ = {
			isa = PBXGroup;
			children = (
				3D9DB17529CD08C000A29242 /* PostViewController.swift */,
			);
			path = Post;
			sourceTree = "<group>";
		};
/* End PBXGroup section */

/* Begin PBXNativeTarget section */
		3D9DB13729CD064400A29242 /* BeReal */ = {
			isa = PBXNativeTarget;
			buildConfigurationList = 3D9DB14C29CD064700A29242 /* Build configuration list for PBXNativeTarget "BeReal" */;
			buildPhases = (
				3D9DB13429CD064400A29242 /* Sources */,
				3D9DB13529CD064400A29242 /* Frameworks */,
				3D9DB17929CD094300A29242 /* Resources */,
			);
			buildRules = (
			);
			dependencies = (
			);
			name = BeReal;
			packageProductDependencies = (
				3D9DB17C29CD0AC300A29242 /* Nuke */,
				3D9DB17E29CD0AC300A29242 /* NukeExtensions */,
				3D9DB18029CD0AC300A29242 /* NukeUI */,
				3D9DB18229CD0AC300A29242 /* NukeVideo */,
				3D9DB18529CD0BE900A29242 /* Alamofire */,
				3D9DB18829CD0C3E00A29242 /* AlamofireImage */,
				3D9DB18B29CD0C6500A29242 /* ParseSwift */,
			);
			productName = BeReal;
			productReference = 3D9DB13829CD064400A29242 /* BeReal.app */;
			productType = "com.apple.product-type.application";
		};
/* End PBXNativeTarget section */

/* Begin PBXProject section */
		3D9DB13029CD064300A29242 /* Project object */ = {
			isa = PBXProject;
			attributes = {
				BuildIndependentTargetsInParallel = 1;
				LastSwiftUpdateCheck = 1420;
				LastUpgradeCheck = 1420;
				TargetAttributes = {
					3D9DB13729CD064400A29242 = {
						CreatedOnToolsVersion = 14.2;
						LastSwiftMigration = 1420;
					};
				};
			};
			buildConfigurationList = 3D9DB13329CD064300A29242 /* Build configuration list for PBXProject "BeReal" */;
			compatibilityVersion = "Xcode 14.0";
			developmentRegion = en;
			hasScannedForEncodings = 0;
			knownRegions = (
				en,
				Base,
			);
			mainGroup = 3D9DB12F29CD064300A29242;
			packageReferences = (
				3D9DB17B29CD0AC300A29242 /* XCRemoteSwiftPackageReference "Nuke" */,
				3D9DB18429CD0BE900A29242 /* XCRemoteSwiftPackageReference "Alamofire" */,
				3D9DB18729CD0C3E00A29242 /* XCRemoteSwiftPackageReference "AlamofireImage" */,
				3D9DB18A29CD0C6500A29242 /* XCRemoteSwiftPackageReference "Parse-Swift" */,
			);
			productRefGroup = 3D9DB13929CD064400A29242 /* Products */;
			projectDirPath = "";
			projectRoot = "";
			targets = (
				3D9DB13729CD064400A29242 /* BeReal */,
			);
		};
/* End PBXProject section */

/* Begin PBXResourcesBuildPhase section */
		3D9DB17929CD094300A29242 /* Resources */ = {
			isa = PBXResourcesBuildPhase;
			buildActionMask = 2147483647;
			files = (
				3D9DB17A29CD097E00A29242 /* Main.storyboard in Resources */,
			);
			runOnlyForDeploymentPostprocessing = 0;
		};
/* End PBXResourcesBuildPhase section */

/* Begin PBXSourcesBuildPhase section */
		3D9DB13429CD064400A29242 /* Sources */ = {
			isa = PBXSourcesBuildPhase;
			buildActionMask = 2147483647;
			files = (
				3D9DB17629CD08C000A29242 /* PostViewController.swift in Sources */,
				3D9DB16E29CD089F00A29242 /* LoginViewController.swift in Sources */,
				3D9DB15029CD072D00A29242 /* AppDelegate.swift in Sources */,
				3D9DB16329CD087D00A29242 /* FeedViewController.swift in Sources */,
				3D9DB17329CD08B500A29242 /* Post.swift in Sources */,
				3D9DB17829CD08D000A29242 /* SceneDelegate.swift in Sources */,
				3D9DB15F29CD085D00A29242 /* DateFormatter+Extensions.swift in Sources */,
				3D9DB16429CD087D00A29242 /* PostCell.swift in Sources */,
				3D9DB16D29CD089F00A29242 /* SignUpViewController.swift in Sources */,
				3D9DB17229CD08B500A29242 /* User.swift in Sources */,
			);
			runOnlyForDeploymentPostprocessing = 0;
		};
/* End PBXSourcesBuildPhase section */

/* Begin PBXVariantGroup section */
		3D9DB15429CD077300A29242 /* LaunchScreen.storyboard */ = {
			isa = PBXVariantGroup;
			children = (
				3D9DB15529CD077300A29242 /* Base */,
			);
			name = LaunchScreen.storyboard;
			sourceTree = "<group>";
		};
		3D9DB15629CD077300A29242 /* Main.storyboard */ = {
			isa = PBXVariantGroup;
			children = (
				3D9DB15729CD077300A29242 /* Base */,
			);
			name = Main.storyboard;
			sourceTree = "<group>";
		};
/* End PBXVariantGroup section */

/* Begin XCBuildConfiguration section */
		3D9DB14A29CD064700A29242 /* Debug */ = {
			isa = XCBuildConfiguration;
			buildSettings = {
				ALWAYS_SEARCH_USER_PATHS = NO;
				CLANG_ANALYZER_NONNULL = YES;
				CLANG_ANALYZER_NUMBER_OBJECT_CONVERSION = YES_AGGRESSIVE;
				CLANG_CXX_LANGUAGE_STANDARD = "gnu++20";
				CLANG_ENABLE_MODULES = YES;
				CLANG_ENABLE_OBJC_ARC = YES;
				CLANG_ENABLE_OBJC_WEAK = YES;
				CLANG_WARN_BLOCK_CAPTURE_AUTORELEASING = YES;
				CLANG_WARN_BOOL_CONVERSION = YES;
				CLANG_WARN_COMMA = YES;
				CLANG_WARN_CONSTANT_CONVERSION = YES;
				CLANG_WARN_DEPRECATED_OBJC_IMPLEMENTATIONS = YES;
				CLANG_WARN_DIRECT_OBJC_ISA_USAGE = YES_ERROR;
				CLANG_WARN_DOCUMENTATION_COMMENTS = YES;
				CLANG_WARN_EMPTY_BODY = YES;
				CLANG_WARN_ENUM_CONVERSION = YES;
				CLANG_WARN_INFINITE_RECURSION = YES;
				CLANG_WARN_INT_CONVERSION = YES;
				CLANG_WARN_NON_LITERAL_NULL_CONVERSION = YES;
				CLANG_WARN_OBJC_IMPLICIT_RETAIN_SELF = YES;
				CLANG_WARN_OBJC_LITERAL_CONVERSION = YES;
				CLANG_WARN_OBJC_ROOT_CLASS = YES_ERROR;
				CLANG_WARN_QUOTED_INCLUDE_IN_FRAMEWORK_HEADER = YES;
				CLANG_WARN_RANGE_LOOP_ANALYSIS = YES;
				CLANG_WARN_STRICT_PROTOTYPES = YES;
				CLANG_WARN_SUSPICIOUS_MOVE = YES;
				CLANG_WARN_UNGUARDED_AVAILABILITY = YES_AGGRESSIVE;
				CLANG_WARN_UNREACHABLE_CODE = YES;
				CLANG_WARN__DUPLICATE_METHOD_MATCH = YES;
				COPY_PHASE_STRIP = NO;
				DEBUG_INFORMATION_FORMAT = dwarf;
				ENABLE_STRICT_OBJC_MSGSEND = YES;
				ENABLE_TESTABILITY = YES;
				GCC_C_LANGUAGE_STANDARD = gnu11;
				GCC_DYNAMIC_NO_PIC = NO;
				GCC_NO_COMMON_BLOCKS = YES;
				GCC_OPTIMIZATION_LEVEL = 0;
				GCC_PREPROCESSOR_DEFINITIONS = (
					"DEBUG=1",
					"$(inherited)",
				);
				GCC_WARN_64_TO_32_BIT_CONVERSION = YES;
				GCC_WARN_ABOUT_RETURN_TYPE = YES_ERROR;
				GCC_WARN_UNDECLARED_SELECTOR = YES;
				GCC_WARN_UNINITIALIZED_AUTOS = YES_AGGRESSIVE;
				GCC_WARN_UNUSED_FUNCTION = YES;
				GCC_WARN_UNUSED_VARIABLE = YES;
				IPHONEOS_DEPLOYMENT_TARGET = 16.2;
				MTL_ENABLE_DEBUG_INFO = INCLUDE_SOURCE;
				MTL_FAST_MATH = YES;
				ONLY_ACTIVE_ARCH = YES;
				SDKROOT = iphoneos;
				SWIFT_ACTIVE_COMPILATION_CONDITIONS = DEBUG;
				SWIFT_OPTIMIZATION_LEVEL = "-Onone";
			};
			name = Debug;
		};
		3D9DB14B29CD064700A29242 /* Release */ = {
			isa = XCBuildConfiguration;
			buildSettings = {
				ALWAYS_SEARCH_USER_PATHS = NO;
				CLANG_ANALYZER_NONNULL = YES;
				CLANG_ANALYZER_NUMBER_OBJECT_CONVERSION = YES_AGGRESSIVE;
				CLANG_CXX_LANGUAGE_STANDARD = "gnu++20";
				CLANG_ENABLE_MODULES = YES;
				CLANG_ENABLE_OBJC_ARC = YES;
				CLANG_ENABLE_OBJC_WEAK = YES;
				CLANG_WARN_BLOCK_CAPTURE_AUTORELEASING = YES;
				CLANG_WARN_BOOL_CONVERSION = YES;
				CLANG_WARN_COMMA = YES;
				CLANG_WARN_CONSTANT_CONVERSION = YES;
				CLANG_WARN_DEPRECATED_OBJC_IMPLEMENTATIONS = YES;
				CLANG_WARN_DIRECT_OBJC_ISA_USAGE = YES_ERROR;
				CLANG_WARN_DOCUMENTATION_COMMENTS = YES;
				CLANG_WARN_EMPTY_BODY = YES;
				CLANG_WARN_ENUM_CONVERSION = YES;
				CLANG_WARN_INFINITE_RECURSION = YES;
				CLANG_WARN_INT_CONVERSION = YES;
				CLANG_WARN_NON_LITERAL_NULL_CONVERSION = YES;
				CLANG_WARN_OBJC_IMPLICIT_RETAIN_SELF = YES;
				CLANG_WARN_OBJC_LITERAL_CONVERSION = YES;
				CLANG_WARN_OBJC_ROOT_CLASS = YES_ERROR;
				CLANG_WARN_QUOTED_INCLUDE_IN_FRAMEWORK_HEADER = YES;
				CLANG_WARN_RANGE_LOOP_ANALYSIS = YES;
				CLANG_WARN_STRICT_PROTOTYPES = YES;
				CLANG_WARN_SUSPICIOUS_MOVE = YES;
				CLANG_WARN_UNGUARDED_AVAILABILITY = YES_AGGRESSIVE;
				CLANG_WARN_UNREACHABLE_CODE = YES;
				CLANG_WARN__DUPLICATE_METHOD_MATCH = YES;
				COPY_PHASE_STRIP = NO;
				DEBUG_INFORMATION_FORMAT = "dwarf-with-dsym";
				ENABLE_NS_ASSERTIONS = NO;
				ENABLE_STRICT_OBJC_MSGSEND = YES;
				GCC_C_LANGUAGE_STANDARD = gnu11;
				GCC_NO_COMMON_BLOCKS = YES;
				GCC_WARN_64_TO_32_BIT_CONVERSION = YES;
				GCC_WARN_ABOUT_RETURN_TYPE = YES_ERROR;
				GCC_WARN_UNDECLARED_SELECTOR = YES;
				GCC_WARN_UNINITIALIZED_AUTOS = YES_AGGRESSIVE;
				GCC_WARN_UNUSED_FUNCTION = YES;
				GCC_WARN_UNUSED_VARIABLE = YES;
				IPHONEOS_DEPLOYMENT_TARGET = 16.2;
				MTL_ENABLE_DEBUG_INFO = NO;
				MTL_FAST_MATH = YES;
				SDKROOT = iphoneos;
				SWIFT_COMPILATION_MODE = wholemodule;
				SWIFT_OPTIMIZATION_LEVEL = "-O";
				VALIDATE_PRODUCT = YES;
			};
			name = Release;
		};
		3D9DB14D29CD064700A29242 /* Debug */ = {
			isa = XCBuildConfiguration;
			buildSettings = {
				ASSETCATALOG_COMPILER_APPICON_NAME = AppIcon;
				ASSETCATALOG_COMPILER_GLOBAL_ACCENT_COLOR_NAME = AccentColor;
				CLANG_ENABLE_MODULES = YES;
				CODE_SIGN_STYLE = Automatic;
				CURRENT_PROJECT_VERSION = 1;
				GENERATE_INFOPLIST_FILE = YES;
				INFOPLIST_FILE = BeReal/Info.plist;
				INFOPLIST_KEY_UIApplicationSupportsIndirectInputEvents = YES;
				INFOPLIST_KEY_UILaunchStoryboardName = LaunchScreen;
				INFOPLIST_KEY_UIMainStoryboardFile = Main;
				INFOPLIST_KEY_UISupportedInterfaceOrientations_iPad = "UIInterfaceOrientationPortrait UIInterfaceOrientationPortraitUpsideDown UIInterfaceOrientationLandscapeLeft UIInterfaceOrientationLandscapeRight";
				INFOPLIST_KEY_UISupportedInterfaceOrientations_iPhone = "UIInterfaceOrientationPortrait UIInterfaceOrientationLandscapeLeft UIInterfaceOrientationLandscapeRight";
				LD_RUNPATH_SEARCH_PATHS = (
					"$(inherited)",
					"@executable_path/Frameworks",
				);
				MARKETING_VERSION = 1.0;
				PRODUCT_BUNDLE_IDENTIFIER = "Emily-Park--Personal-Team-.BeReal";
				PRODUCT_NAME = "$(TARGET_NAME)";
				SWIFT_EMIT_LOC_STRINGS = YES;
				SWIFT_OPTIMIZATION_LEVEL = "-Onone";
				SWIFT_VERSION = 5.0;
				TARGETED_DEVICE_FAMILY = "1,2";
			};
			name = Debug;
		};
		3D9DB14E29CD064700A29242 /* Release */ = {
			isa = XCBuildConfiguration;
			buildSettings = {
				ASSETCATALOG_COMPILER_APPICON_NAME = AppIcon;
				ASSETCATALOG_COMPILER_GLOBAL_ACCENT_COLOR_NAME = AccentColor;
				CLANG_ENABLE_MODULES = YES;
				CODE_SIGN_STYLE = Automatic;
				CURRENT_PROJECT_VERSION = 1;
				GENERATE_INFOPLIST_FILE = YES;
				INFOPLIST_FILE = BeReal/Info.plist;
				INFOPLIST_KEY_UIApplicationSupportsIndirectInputEvents = YES;
				INFOPLIST_KEY_UILaunchStoryboardName = LaunchScreen;
				INFOPLIST_KEY_UIMainStoryboardFile = Main;
				INFOPLIST_KEY_UISupportedInterfaceOrientations_iPad = "UIInterfaceOrientationPortrait UIInterfaceOrientationPortraitUpsideDown UIInterfaceOrientationLandscapeLeft UIInterfaceOrientationLandscapeRight";
				INFOPLIST_KEY_UISupportedInterfaceOrientations_iPhone = "UIInterfaceOrientationPortrait UIInterfaceOrientationLandscapeLeft UIInterfaceOrientationLandscapeRight";
				LD_RUNPATH_SEARCH_PATHS = (
					"$(inherited)",
					"@executable_path/Frameworks",
				);
				MARKETING_VERSION = 1.0;
				PRODUCT_BUNDLE_IDENTIFIER = "Emily-Park--Personal-Team-.BeReal";
				PRODUCT_NAME = "$(TARGET_NAME)";
				SWIFT_EMIT_LOC_STRINGS = YES;
				SWIFT_VERSION = 5.0;
				TARGETED_DEVICE_FAMILY = "1,2";
			};
			name = Release;
		};
/* End XCBuildConfiguration section */

/* Begin XCConfigurationList section */
		3D9DB13329CD064300A29242 /* Build configuration list for PBXProject "BeReal" */ = {
			isa = XCConfigurationList;
			buildConfigurations = (
				3D9DB14A29CD064700A29242 /* Debug */,
				3D9DB14B29CD064700A29242 /* Release */,
			);
			defaultConfigurationIsVisible = 0;
			defaultConfigurationName = Release;
		};
		3D9DB14C29CD064700A29242 /* Build configuration list for PBXNativeTarget "BeReal" */ = {
			isa = XCConfigurationList;
			buildConfigurations = (
				3D9DB14D29CD064700A29242 /* Debug */,
				3D9DB14E29CD064700A29242 /* Release */,
			);
			defaultConfigurationIsVisible = 0;
			defaultConfigurationName = Release;
		};
/* End XCConfigurationList section */

/* Begin XCRemoteSwiftPackageReference section */
		3D9DB17B29CD0AC300A29242 /* XCRemoteSwiftPackageReference "Nuke" */ = {
			isa = XCRemoteSwiftPackageReference;
			repositoryURL = "https://github.com/kean/Nuke";
			requirement = {
				branch = main;
				kind = branch;
			};
		};
		3D9DB18429CD0BE900A29242 /* XCRemoteSwiftPackageReference "Alamofire" */ = {
			isa = XCRemoteSwiftPackageReference;
			repositoryURL = "https://github.com/Alamofire/Alamofire.git";
			requirement = {
				kind = exactVersion;
				version = 5.6.4;
			};
		};
		3D9DB18729CD0C3E00A29242 /* XCRemoteSwiftPackageReference "AlamofireImage" */ = {
			isa = XCRemoteSwiftPackageReference;
			repositoryURL = "https://github.com/Alamofire/AlamofireImage.git";
			requirement = {
				kind = exactVersion;
				version = 4.2.0;
			};
		};
		3D9DB18A29CD0C6500A29242 /* XCRemoteSwiftPackageReference "Parse-Swift" */ = {
			isa = XCRemoteSwiftPackageReference;
			repositoryURL = "https://github.com/parse-community/Parse-Swift";
			requirement = {
				kind = exactVersion;
				version = 4.14.2;
			};
		};
/* End XCRemoteSwiftPackageReference section */

/* Begin XCSwiftPackageProductDependency section */
		3D9DB17C29CD0AC300A29242 /* Nuke */ = {
			isa = XCSwiftPackageProductDependency;
			package = 3D9DB17B29CD0AC300A29242 /* XCRemoteSwiftPackageReference "Nuke" */;
			productName = Nuke;
		};
		3D9DB17E29CD0AC300A29242 /* NukeExtensions */ = {
			isa = XCSwiftPackageProductDependency;
			package = 3D9DB17B29CD0AC300A29242 /* XCRemoteSwiftPackageReference "Nuke" */;
			productName = NukeExtensions;
		};
		3D9DB18029CD0AC300A29242 /* NukeUI */ = {
			isa = XCSwiftPackageProductDependency;
			package = 3D9DB17B29CD0AC300A29242 /* XCRemoteSwiftPackageReference "Nuke" */;
			productName = NukeUI;
		};
		3D9DB18229CD0AC300A29242 /* NukeVideo */ = {
			isa = XCSwiftPackageProductDependency;
			package = 3D9DB17B29CD0AC300A29242 /* XCRemoteSwiftPackageReference "Nuke" */;
			productName = NukeVideo;
		};
		3D9DB18529CD0BE900A29242 /* Alamofire */ = {
			isa = XCSwiftPackageProductDependency;
			package = 3D9DB18429CD0BE900A29242 /* XCRemoteSwiftPackageReference "Alamofire" */;
			productName = Alamofire;
		};
		3D9DB18829CD0C3E00A29242 /* AlamofireImage */ = {
			isa = XCSwiftPackageProductDependency;
			package = 3D9DB18729CD0C3E00A29242 /* XCRemoteSwiftPackageReference "AlamofireImage" */;
			productName = AlamofireImage;
		};
		3D9DB18B29CD0C6500A29242 /* ParseSwift */ = {
			isa = XCSwiftPackageProductDependency;
			package = 3D9DB18A29CD0C6500A29242 /* XCRemoteSwiftPackageReference "Parse-Swift" */;
			productName = ParseSwift;
		};
/* End XCSwiftPackageProductDependency section */
	};
	rootObject = 3D9DB13029CD064300A29242 /* Project object */;
}
